
Microsoft Visual Studio Solution File, Format Version 12.00
# Visual Studio Version 17
VisualStudioVersion = 17.9.34616.47
MinimumVisualStudioVersion = 10.0.40219.1
Project("{FAE04EC0-301F-11D3-BF4B-00C04F79EFBC}") = "ConsoleApp", "ConsoleApp\ConsoleApp.csproj", "{35BBD223-2865-4326-971F-F77F03734488}"
EndProject
Project("{9A19103F-16F7-4668-BE54-9A1E7A4F7556}") = "ProjectAddOpdrachten", "..\ProjectAddOpdracht\ProjectAddOpdrachten\ProjectAddOpdrachten.csproj", "{601B6028-7AAA-4025-AC63-B46B6B29AA94}"
EndProject
Global
	GlobalSection(SolutionConfigurationPlatforms) = preSolution
		Debug|Any CPU = Debug|Any CPU
		Release|Any CPU = Release|Any CPU
	EndGlobalSection
	GlobalSection(ProjectConfigurationPlatforms) = postSolution
		{35BBD223-2865-4326-971F-F77F03734488}.Debug|Any CPU.ActiveCfg = Debug|Any CPU
		{35BBD223-2865-4326-971F-F77F03734488}.Debug|Any CPU.Build.0 = Debug|Any CPU
		{35BBD223-2865-4326-971F-F77F03734488}.Release|Any CPU.ActiveCfg = Release|Any CPU
		{35BBD223-2865-4326-971F-F77F03734488}.Release|Any CPU.Build.0 = Release|Any CPU
		{601B6028-7AAA-4025-AC63-B46B6B29AA94}.Debug|Any CPU.ActiveCfg = Debug|Any CPU
		{601B6028-7AAA-4025-AC63-B46B6B29AA94}.Debug|Any CPU.Build.0 = Debug|Any CPU
		{601B6028-7AAA-4025-AC63-B46B6B29AA94}.Release|Any CPU.ActiveCfg = Release|Any CPU
		{601B6028-7AAA-4025-AC63-B46B6B29AA94}.Release|Any CPU.Build.0 = Release|Any CPU
	EndGlobalSection
	GlobalSection(SolutionProperties) = preSolution
		HideSolutionNode = FALSE
	EndGlobalSection
	GlobalSection(ExtensibilityGlobals) = postSolution
		SolutionGuid = {DCE1CE9B-D8F7-4C34-BA92-5CCB4E05EC14}
	EndGlobalSection
EndGlobal
